
Microsoft Visual Studio Solution File, Format Version 12.00
Project("{FAE04EC0-301F-11D3-BF4B-00C04F79EFBC}") = "Zadanie1", "Zadanie1\Zadanie1.csproj", "{5B7A5812-4E64-48BD-BACA-564E73F8DE0D}"
EndProject
Project("{FAE04EC0-301F-11D3-BF4B-00C04F79EFBC}") = "Zadanie1UnitTests", "Zadanie1UnitTests\Zadanie1UnitTests.csproj", "{1957153D-CB24-4798-9567-6B12E8105DED}"
EndProject
Global
	GlobalSection(SolutionConfigurationPlatforms) = preSolution
		Debug|Any CPU = Debug|Any CPU
		Release|Any CPU = Release|Any CPU
	EndGlobalSection
	GlobalSection(ProjectConfigurationPlatforms) = postSolution
		{5B7A5812-4E64-48BD-BACA-564E73F8DE0D}.Debug|Any CPU.ActiveCfg = Debug|Any CPU
		{5B7A5812-4E64-48BD-BACA-564E73F8DE0D}.Debug|Any CPU.Build.0 = Debug|Any CPU
		{5B7A5812-4E64-48BD-BACA-564E73F8DE0D}.Release|Any CPU.ActiveCfg = Release|Any CPU
		{5B7A5812-4E64-48BD-BACA-564E73F8DE0D}.Release|Any CPU.Build.0 = Release|Any CPU
		{1957153D-CB24-4798-9567-6B12E8105DED}.Debug|Any CPU.ActiveCfg = Debug|Any CPU
		{1957153D-CB24-4798-9567-6B12E8105DED}.Debug|Any CPU.Build.0 = Debug|Any CPU
		{1957153D-CB24-4798-9567-6B12E8105DED}.Release|Any CPU.ActiveCfg = Release|Any CPU
		{1957153D-CB24-4798-9567-6B12E8105DED}.Release|Any CPU.Build.0 = Release|Any CPU
	EndGlobalSection
EndGlobal
