
Microsoft Visual Studio Solution File, Format Version 12.00
Project("{FAE04EC0-301F-11D3-BF4B-00C04F79EFBC}") = "BitArray", "BitArray\BitArray.csproj", "{AEB562C7-3866-4F34-AFC0-0AC983EBA102}"
EndProject
Global
	GlobalSection(SolutionConfigurationPlatforms) = preSolution
		Debug|Any CPU = Debug|Any CPU
		Release|Any CPU = Release|Any CPU
	EndGlobalSection
	GlobalSection(ProjectConfigurationPlatforms) = postSolution
		{AEB562C7-3866-4F34-AFC0-0AC983EBA102}.Debug|Any CPU.ActiveCfg = Debug|Any CPU
		{AEB562C7-3866-4F34-AFC0-0AC983EBA102}.Debug|Any CPU.Build.0 = Debug|Any CPU
		{AEB562C7-3866-4F34-AFC0-0AC983EBA102}.Release|Any CPU.ActiveCfg = Release|Any CPU
		{AEB562C7-3866-4F34-AFC0-0AC983EBA102}.Release|Any CPU.Build.0 = Release|Any CPU
	EndGlobalSection
EndGlobal
